// !$*UTF8*$!
{
	archiveVersion = 1;
	classes = {
	};
	objectVersion = 56;
	objects = {

/* Begin PBXBuildFile section */
		040161AB29E43BF50021F73C /* SignUpViewController.storyboard in Resources */ = {isa = PBXBuildFile; fileRef = 040161AA29E43BF50021F73C /* SignUpViewController.storyboard */; };
		040161AD29E43C0B0021F73C /* SignUpViewController.swift in Sources */ = {isa = PBXBuildFile; fileRef = 040161AC29E43C0B0021F73C /* SignUpViewController.swift */; };
		040161B329E43D160021F73C /* SignInViewController.storyboard in Resources */ = {isa = PBXBuildFile; fileRef = 040161B229E43D160021F73C /* SignInViewController.storyboard */; };
		040161B529E43D310021F73C /* SignInViewController.swift in Sources */ = {isa = PBXBuildFile; fileRef = 040161B429E43D310021F73C /* SignInViewController.swift */; };
		040CF65F29C4A86A008BC27F /* AppDelegate.swift in Sources */ = {isa = PBXBuildFile; fileRef = 040CF65E29C4A86A008BC27F /* AppDelegate.swift */; };
		040CF66329C4A86A008BC27F /* ViewController.swift in Sources */ = {isa = PBXBuildFile; fileRef = 040CF66229C4A86A008BC27F /* ViewController.swift */; };
		040CF66629C4A86A008BC27F /* Main.storyboard in Resources */ = {isa = PBXBuildFile; fileRef = 040CF66429C4A86A008BC27F /* Main.storyboard */; };
		040CF66929C4A86A008BC27F /* Etlas.xcdatamodeld in Sources */ = {isa = PBXBuildFile; fileRef = 040CF66729C4A86A008BC27F /* Etlas.xcdatamodeld */; };
		040CF66B29C4A86C008BC27F /* Assets.xcassets in Resources */ = {isa = PBXBuildFile; fileRef = 040CF66A29C4A86C008BC27F /* Assets.xcassets */; };
		040CF66E29C4A86C008BC27F /* LaunchScreen.storyboard in Resources */ = {isa = PBXBuildFile; fileRef = 040CF66C29C4A86C008BC27F /* LaunchScreen.storyboard */; };
		041F3BAC29E424A200351680 /* OnboardingViewController.storyboard in Resources */ = {isa = PBXBuildFile; fileRef = 041F3BAB29E424A200351680 /* OnboardingViewController.storyboard */; };
		041F3BB329E4260D00351680 /* OnboardingViewController.swift in Sources */ = {isa = PBXBuildFile; fileRef = 041F3BB229E4260D00351680 /* OnboardingViewController.swift */; };
		0427055329D5AC2100D4CAD7 /* Poppins-Regular.ttf in Resources */ = {isa = PBXBuildFile; fileRef = 04DDC1A129D5053C00858A3E /* Poppins-Regular.ttf */; };
		0427055A29D5BB0E00D4CAD7 /* LanguageSelectionViewController.storyboard in Resources */ = {isa = PBXBuildFile; fileRef = 0427055929D5BB0E00D4CAD7 /* LanguageSelectionViewController.storyboard */; };
		0427055C29D5BB5200D4CAD7 /* LanguageSelectionViewController.swift in Sources */ = {isa = PBXBuildFile; fileRef = 0427055B29D5BB5200D4CAD7 /* LanguageSelectionViewController.swift */; };
		04550A7929F7E7EC00442218 /* SignUpSecondViewController.swift in Sources */ = {isa = PBXBuildFile; fileRef = 04550A7829F7E7EC00442218 /* SignUpSecondViewController.swift */; };
		0457BDB129F6CF3700E2D8F0 /* LocalizationManager.swift in Sources */ = {isa = PBXBuildFile; fileRef = 0457BDB029F6CF3700E2D8F0 /* LocalizationManager.swift */; };
		0470619129E741D300114E55 /* Localizable.strings in Resources */ = {isa = PBXBuildFile; fileRef = 0470619329E741D300114E55 /* Localizable.strings */; };
		04DDC19F29D4FA8500858A3E /* CapitalisTypOasis.ttf in Resources */ = {isa = PBXBuildFile; fileRef = 04DDC19D29D4FA8400858A3E /* CapitalisTypOasis.ttf */; };
		04DDC1A029D4FA8500858A3E /* Montserrat in Resources */ = {isa = PBXBuildFile; fileRef = 04DDC19E29D4FA8500858A3E /* Montserrat */; };
		9FFEA70D9239A8DAE0EC6D30 /* libPods-Etlas.a in Frameworks */ = {isa = PBXBuildFile; fileRef = 41069432686BAC03F0413425 /* libPods-Etlas.a */; };
/* End PBXBuildFile section */

/* Begin PBXFileReference section */
		040161AA29E43BF50021F73C /* SignUpViewController.storyboard */ = {isa = PBXFileReference; lastKnownFileType = file.storyboard; path = SignUpViewController.storyboard; sourceTree = "<group>"; };
		040161AC29E43C0B0021F73C /* SignUpViewController.swift */ = {isa = PBXFileReference; lastKnownFileType = sourcecode.swift; path = SignUpViewController.swift; sourceTree = "<group>"; };
		040161B229E43D160021F73C /* SignInViewController.storyboard */ = {isa = PBXFileReference; lastKnownFileType = file.storyboard; path = SignInViewController.storyboard; sourceTree = "<group>"; };
		040161B429E43D310021F73C /* SignInViewController.swift */ = {isa = PBXFileReference; lastKnownFileType = sourcecode.swift; path = SignInViewController.swift; sourceTree = "<group>"; };
		040CF65B29C4A86A008BC27F /* Etlas.app */ = {isa = PBXFileReference; explicitFileType = wrapper.application; includeInIndex = 0; path = Etlas.app; sourceTree = BUILT_PRODUCTS_DIR; };
		040CF65E29C4A86A008BC27F /* AppDelegate.swift */ = {isa = PBXFileReference; lastKnownFileType = sourcecode.swift; path = AppDelegate.swift; sourceTree = "<group>"; };
		040CF66229C4A86A008BC27F /* ViewController.swift */ = {isa = PBXFileReference; lastKnownFileType = sourcecode.swift; path = ViewController.swift; sourceTree = "<group>"; };
		040CF66529C4A86A008BC27F /* Base */ = {isa = PBXFileReference; lastKnownFileType = file.storyboard; name = Base; path = Base.lproj/Main.storyboard; sourceTree = "<group>"; };
		040CF66829C4A86A008BC27F /* Etlas.xcdatamodel */ = {isa = PBXFileReference; lastKnownFileType = wrapper.xcdatamodel; path = Etlas.xcdatamodel; sourceTree = "<group>"; };
		040CF66A29C4A86C008BC27F /* Assets.xcassets */ = {isa = PBXFileReference; lastKnownFileType = folder.assetcatalog; path = Assets.xcassets; sourceTree = "<group>"; };
		040CF66D29C4A86C008BC27F /* Base */ = {isa = PBXFileReference; lastKnownFileType = file.storyboard; name = Base; path = Base.lproj/LaunchScreen.storyboard; sourceTree = "<group>"; };
		040CF66F29C4A86C008BC27F /* Info.plist */ = {isa = PBXFileReference; lastKnownFileType = text.plist.xml; path = Info.plist; sourceTree = "<group>"; };
		041F3BAB29E424A200351680 /* OnboardingViewController.storyboard */ = {isa = PBXFileReference; lastKnownFileType = file.storyboard; path = OnboardingViewController.storyboard; sourceTree = "<group>"; };
		041F3BB229E4260D00351680 /* OnboardingViewController.swift */ = {isa = PBXFileReference; lastKnownFileType = sourcecode.swift; path = OnboardingViewController.swift; sourceTree = "<group>"; };
		0427055929D5BB0E00D4CAD7 /* LanguageSelectionViewController.storyboard */ = {isa = PBXFileReference; lastKnownFileType = file.storyboard; path = LanguageSelectionViewController.storyboard; sourceTree = "<group>"; };
		0427055B29D5BB5200D4CAD7 /* LanguageSelectionViewController.swift */ = {isa = PBXFileReference; lastKnownFileType = sourcecode.swift; path = LanguageSelectionViewController.swift; sourceTree = "<group>"; };
		04550A7829F7E7EC00442218 /* SignUpSecondViewController.swift */ = {isa = PBXFileReference; lastKnownFileType = sourcecode.swift; path = SignUpSecondViewController.swift; sourceTree = "<group>"; };
		0457BDB029F6CF3700E2D8F0 /* LocalizationManager.swift */ = {isa = PBXFileReference; lastKnownFileType = sourcecode.swift; path = LocalizationManager.swift; sourceTree = "<group>"; };
		0470619229E741D300114E55 /* en */ = {isa = PBXFileReference; lastKnownFileType = text.plist.strings; name = en; path = en.lproj/Localizable.strings; sourceTree = "<group>"; };
		0470619429E741D500114E55 /* ar */ = {isa = PBXFileReference; lastKnownFileType = text.plist.strings; name = ar; path = ar.lproj/Localizable.strings; sourceTree = "<group>"; };
		04DDC19D29D4FA8400858A3E /* CapitalisTypOasis.ttf */ = {isa = PBXFileReference; lastKnownFileType = file; path = CapitalisTypOasis.ttf; sourceTree = "<group>"; };
		04DDC19E29D4FA8500858A3E /* Montserrat */ = {isa = PBXFileReference; lastKnownFileType = folder; path = Montserrat; sourceTree = "<group>"; };
		04DDC1A129D5053C00858A3E /* Poppins-Regular.ttf */ = {isa = PBXFileReference; lastKnownFileType = file; path = "Poppins-Regular.ttf"; sourceTree = "<group>"; };
		41069432686BAC03F0413425 /* libPods-Etlas.a */ = {isa = PBXFileReference; explicitFileType = archive.ar; includeInIndex = 0; path = "libPods-Etlas.a"; sourceTree = BUILT_PRODUCTS_DIR; };
		81AEE1D17244C68EC01F1417 /* Pods-Etlas.debug.xcconfig */ = {isa = PBXFileReference; includeInIndex = 1; lastKnownFileType = text.xcconfig; name = "Pods-Etlas.debug.xcconfig"; path = "Target Support Files/Pods-Etlas/Pods-Etlas.debug.xcconfig"; sourceTree = "<group>"; };
		B2CDACE6B471B9E5E3DA3FA4 /* Pods-Etlas.release.xcconfig */ = {isa = PBXFileReference; includeInIndex = 1; lastKnownFileType = text.xcconfig; name = "Pods-Etlas.release.xcconfig"; path = "Target Support Files/Pods-Etlas/Pods-Etlas.release.xcconfig"; sourceTree = "<group>"; };
/* End PBXFileReference section */

/* Begin PBXFrameworksBuildPhase section */
		040CF65829C4A86A008BC27F /* Frameworks */ = {
			isa = PBXFrameworksBuildPhase;
			buildActionMask = 2147483647;
			files = (
				9FFEA70D9239A8DAE0EC6D30 /* libPods-Etlas.a in Frameworks */,
			);
			runOnlyForDeploymentPostprocessing = 0;
		};
/* End PBXFrameworksBuildPhase section */

/* Begin PBXGroup section */
		040161AE29E43C870021F73C /* SignIn */ = {
			isa = PBXGroup;
			children = (
				040161B129E43CB40021F73C /* Model */,
				040161B029E43CA80021F73C /* View */,
				040161AF29E43C9A0021F73C /* Controller */,
			);
			path = SignIn;
			sourceTree = "<group>";
		};
		040161AF29E43C9A0021F73C /* Controller */ = {
			isa = PBXGroup;
			children = (
				040161B429E43D310021F73C /* SignInViewController.swift */,
			);
			path = Controller;
			sourceTree = "<group>";
		};
		040161B029E43CA80021F73C /* View */ = {
			isa = PBXGroup;
			children = (
				040161B229E43D160021F73C /* SignInViewController.storyboard */,
			);
			path = View;
			sourceTree = "<group>";
		};
		040161B129E43CB40021F73C /* Model */ = {
			isa = PBXGroup;
			children = (
			);
			path = Model;
			sourceTree = "<group>";
		};
		040B7D1729D7076D00B1F87C /* Resources */ = {
			isa = PBXGroup;
			children = (
				040B7D1929D7095100B1F87C /* Fonts */,
				040CF66A29C4A86C008BC27F /* Assets.xcassets */,
			);
			path = Resources;
			sourceTree = "<group>";
		};
		040B7D1829D7093400B1F87C /* LanguageSelection */ = {
			isa = PBXGroup;
			children = (
				040B7D1C29D70A0E00B1F87C /* Model */,
				040B7D1B29D70A0800B1F87C /* View */,
				040B7D1A29D709F600B1F87C /* Controller */,
			);
			path = LanguageSelection;
			sourceTree = "<group>";
		};
		040B7D1929D7095100B1F87C /* Fonts */ = {
			isa = PBXGroup;
			children = (
				04DDC19E29D4FA8500858A3E /* Montserrat */,
				04DDC19D29D4FA8400858A3E /* CapitalisTypOasis.ttf */,
				04DDC1A129D5053C00858A3E /* Poppins-Regular.ttf */,
			);
			path = Fonts;
			sourceTree = "<group>";
		};
		040B7D1A29D709F600B1F87C /* Controller */ = {
			isa = PBXGroup;
			children = (
				0427055B29D5BB5200D4CAD7 /* LanguageSelectionViewController.swift */,
			);
			path = Controller;
			sourceTree = "<group>";
		};
		040B7D1B29D70A0800B1F87C /* View */ = {
			isa = PBXGroup;
			children = (
				0427055929D5BB0E00D4CAD7 /* LanguageSelectionViewController.storyboard */,
			);
			path = View;
			sourceTree = "<group>";
		};
		040B7D1C29D70A0E00B1F87C /* Model */ = {
			isa = PBXGroup;
			children = (
			);
			path = Model;
			sourceTree = "<group>";
		};
		040B7D1D29D70A7600B1F87C /* LaunchingScreen */ = {
			isa = PBXGroup;
			children = (
				041F3BA929E41E7000351680 /* View */,
			);
			path = LaunchingScreen;
			sourceTree = "<group>";
		};
		040B7D1E29D70B0600B1F87C /* SignUp */ = {
			isa = PBXGroup;
			children = (
				040B7D2229D70B5100B1F87C /* Model */,
				040B7D2129D70B4900B1F87C /* View */,
				040B7D2029D70B4000B1F87C /* Controller */,
			);
			path = SignUp;
			sourceTree = "<group>";
		};
		040B7D2029D70B4000B1F87C /* Controller */ = {
			isa = PBXGroup;
			children = (
				040161AC29E43C0B0021F73C /* SignUpViewController.swift */,
				04550A7829F7E7EC00442218 /* SignUpSecondViewController.swift */,
			);
			path = Controller;
			sourceTree = "<group>";
		};
		040B7D2129D70B4900B1F87C /* View */ = {
			isa = PBXGroup;
			children = (
				040161AA29E43BF50021F73C /* SignUpViewController.storyboard */,
			);
			path = View;
			sourceTree = "<group>";
		};
		040B7D2229D70B5100B1F87C /* Model */ = {
			isa = PBXGroup;
			children = (
			);
			path = Model;
			sourceTree = "<group>";
		};
		040CF65229C4A86A008BC27F = {
			isa = PBXGroup;
			children = (
				040CF65D29C4A86A008BC27F /* Etlas */,
				040CF65C29C4A86A008BC27F /* Products */,
				3A71580DE7FEA6B6ADBA9D2A /* Pods */,
				307D8E16597A7BDCB24F2030 /* Frameworks */,
			);
			sourceTree = "<group>";
		};
		040CF65C29C4A86A008BC27F /* Products */ = {
			isa = PBXGroup;
			children = (
				040CF65B29C4A86A008BC27F /* Etlas.app */,
			);
			name = Products;
			sourceTree = "<group>";
		};
		040CF65D29C4A86A008BC27F /* Etlas */ = {
			isa = PBXGroup;
			children = (
				0470618E29E7418A00114E55 /* Localization Manager */,
				040B7D1D29D70A7600B1F87C /* LaunchingScreen */,
				040B7D1829D7093400B1F87C /* LanguageSelection */,
				0427055429D5B77400D4CAD7 /* Onboarding */,
				040B7D1E29D70B0600B1F87C /* SignUp */,
				040161AE29E43C870021F73C /* SignIn */,
				040B7D1729D7076D00B1F87C /* Resources */,
				040CF66F29C4A86C008BC27F /* Info.plist */,
				0470619529E7420F00114E55 /* Others */,
			);
			path = Etlas;
			sourceTree = "<group>";
		};
		041F3BA929E41E7000351680 /* View */ = {
			isa = PBXGroup;
			children = (
				040CF66C29C4A86C008BC27F /* LaunchScreen.storyboard */,
			);
			path = View;
			sourceTree = "<group>";
		};
		0427055429D5B77400D4CAD7 /* Onboarding */ = {
			isa = PBXGroup;
			children = (
				0427055729D5B7A700D4CAD7 /* Model */,
				0427055629D5B79A00D4CAD7 /* View */,
				0427055529D5B78A00D4CAD7 /* Controller */,
			);
			path = Onboarding;
			sourceTree = "<group>";
		};
		0427055529D5B78A00D4CAD7 /* Controller */ = {
			isa = PBXGroup;
			children = (
				041F3BB229E4260D00351680 /* OnboardingViewController.swift */,
			);
			path = Controller;
			sourceTree = "<group>";
		};
		0427055629D5B79A00D4CAD7 /* View */ = {
			isa = PBXGroup;
			children = (
				041F3BAB29E424A200351680 /* OnboardingViewController.storyboard */,
			);
			path = View;
			sourceTree = "<group>";
		};
		0427055729D5B7A700D4CAD7 /* Model */ = {
			isa = PBXGroup;
			children = (
			);
			path = Model;
			sourceTree = "<group>";
		};
		0470618E29E7418A00114E55 /* Localization Manager */ = {
			isa = PBXGroup;
			children = (
				0470619329E741D300114E55 /* Localizable.strings */,
				0457BDB029F6CF3700E2D8F0 /* LocalizationManager.swift */,
			);
			path = "Localization Manager";
			sourceTree = "<group>";
		};
		0470619529E7420F00114E55 /* Others */ = {
			isa = PBXGroup;
			children = (
				040CF66729C4A86A008BC27F /* Etlas.xcdatamodeld */,
				040CF66229C4A86A008BC27F /* ViewController.swift */,
				040CF66429C4A86A008BC27F /* Main.storyboard */,
				040CF65E29C4A86A008BC27F /* AppDelegate.swift */,
			);
			path = Others;
			sourceTree = "<group>";
		};
		307D8E16597A7BDCB24F2030 /* Frameworks */ = {
			isa = PBXGroup;
			children = (
				41069432686BAC03F0413425 /* libPods-Etlas.a */,
			);
			name = Frameworks;
			sourceTree = "<group>";
		};
		3A71580DE7FEA6B6ADBA9D2A /* Pods */ = {
			isa = PBXGroup;
			children = (
				81AEE1D17244C68EC01F1417 /* Pods-Etlas.debug.xcconfig */,
				B2CDACE6B471B9E5E3DA3FA4 /* Pods-Etlas.release.xcconfig */,
			);
			path = Pods;
			sourceTree = "<group>";
		};
/* End PBXGroup section */

/* Begin PBXNativeTarget section */
		040CF65A29C4A86A008BC27F /* Etlas */ = {
			isa = PBXNativeTarget;
			buildConfigurationList = 040CF67229C4A86C008BC27F /* Build configuration list for PBXNativeTarget "Etlas" */;
			buildPhases = (
				4B6951E9FA4AC46ADF587153 /* [CP] Check Pods Manifest.lock */,
				040CF65729C4A86A008BC27F /* Sources */,
				040CF65829C4A86A008BC27F /* Frameworks */,
				040CF65929C4A86A008BC27F /* Resources */,
			);
			buildRules = (
			);
			dependencies = (
			);
			name = Etlas;
			productName = Etlas;
			productReference = 040CF65B29C4A86A008BC27F /* Etlas.app */;
			productType = "com.apple.product-type.application";
		};
/* End PBXNativeTarget section */

/* Begin PBXProject section */
		040CF65329C4A86A008BC27F /* Project object */ = {
			isa = PBXProject;
			attributes = {
				BuildIndependentTargetsInParallel = 1;
				LastSwiftUpdateCheck = 1420;
				LastUpgradeCheck = 1420;
				TargetAttributes = {
					040CF65A29C4A86A008BC27F = {
						CreatedOnToolsVersion = 14.2;
					};
				};
			};
			buildConfigurationList = 040CF65629C4A86A008BC27F /* Build configuration list for PBXProject "Etlas" */;
			compatibilityVersion = "Xcode 14.0";
			developmentRegion = en;
			hasScannedForEncodings = 0;
			knownRegions = (
				en,
				Base,
				ar,
			);
			mainGroup = 040CF65229C4A86A008BC27F;
			productRefGroup = 040CF65C29C4A86A008BC27F /* Products */;
			projectDirPath = "";
			projectRoot = "";
			targets = (
				040CF65A29C4A86A008BC27F /* Etlas */,
			);
		};
/* End PBXProject section */

/* Begin PBXResourcesBuildPhase section */
		040CF65929C4A86A008BC27F /* Resources */ = {
			isa = PBXResourcesBuildPhase;
			buildActionMask = 2147483647;
			files = (
				04DDC1A029D4FA8500858A3E /* Montserrat in Resources */,
				040161B329E43D160021F73C /* SignInViewController.storyboard in Resources */,
				0470619129E741D300114E55 /* Localizable.strings in Resources */,
				040CF66E29C4A86C008BC27F /* LaunchScreen.storyboard in Resources */,
				040161AB29E43BF50021F73C /* SignUpViewController.storyboard in Resources */,
				0427055A29D5BB0E00D4CAD7 /* LanguageSelectionViewController.storyboard in Resources */,
				040CF66B29C4A86C008BC27F /* Assets.xcassets in Resources */,
				0427055329D5AC2100D4CAD7 /* Poppins-Regular.ttf in Resources */,
				040CF66629C4A86A008BC27F /* Main.storyboard in Resources */,
				04DDC19F29D4FA8500858A3E /* CapitalisTypOasis.ttf in Resources */,
				041F3BAC29E424A200351680 /* OnboardingViewController.storyboard in Resources */,
			);
			runOnlyForDeploymentPostprocessing = 0;
		};
/* End PBXResourcesBuildPhase section */

/* Begin PBXShellScriptBuildPhase section */
		4B6951E9FA4AC46ADF587153 /* [CP] Check Pods Manifest.lock */ = {
			isa = PBXShellScriptBuildPhase;
			buildActionMask = 2147483647;
			files = (
			);
			inputFileListPaths = (
			);
			inputPaths = (
				"${PODS_PODFILE_DIR_PATH}/Podfile.lock",
				"${PODS_ROOT}/Manifest.lock",
			);
			name = "[CP] Check Pods Manifest.lock";
			outputFileListPaths = (
			);
			outputPaths = (
				"$(DERIVED_FILE_DIR)/Pods-Etlas-checkManifestLockResult.txt",
			);
			runOnlyForDeploymentPostprocessing = 0;
			shellPath = /bin/sh;
			shellScript = "diff \"${PODS_PODFILE_DIR_PATH}/Podfile.lock\" \"${PODS_ROOT}/Manifest.lock\" > /dev/null\nif [ $? != 0 ] ; then\n    # print error to STDERR\n    echo \"error: The sandbox is not in sync with the Podfile.lock. Run 'pod install' or update your CocoaPods installation.\" >&2\n    exit 1\nfi\n# This output is used by Xcode 'outputs' to avoid re-running this script phase.\necho \"SUCCESS\" > \"${SCRIPT_OUTPUT_FILE_0}\"\n";
			showEnvVarsInLog = 0;
		};
/* End PBXShellScriptBuildPhase section */

/* Begin PBXSourcesBuildPhase section */
		040CF65729C4A86A008BC27F /* Sources */ = {
			isa = PBXSourcesBuildPhase;
			buildActionMask = 2147483647;
			files = (
				0457BDB129F6CF3700E2D8F0 /* LocalizationManager.swift in Sources */,
				040CF66329C4A86A008BC27F /* ViewController.swift in Sources */,
				040161AD29E43C0B0021F73C /* SignUpViewController.swift in Sources */,
				041F3BB329E4260D00351680 /* OnboardingViewController.swift in Sources */,
				04550A7929F7E7EC00442218 /* SignUpSecondViewController.swift in Sources */,
				040CF65F29C4A86A008BC27F /* AppDelegate.swift in Sources */,
				040161B529E43D310021F73C /* SignInViewController.swift in Sources */,
				040CF66929C4A86A008BC27F /* Etlas.xcdatamodeld in Sources */,
				0427055C29D5BB5200D4CAD7 /* LanguageSelectionViewController.swift in Sources */,
			);
			runOnlyForDeploymentPostprocessing = 0;
		};
/* End PBXSourcesBuildPhase section */

/* Begin PBXVariantGroup section */
		040CF66429C4A86A008BC27F /* Main.storyboard */ = {
			isa = PBXVariantGroup;
			children = (
				040CF66529C4A86A008BC27F /* Base */,
			);
			name = Main.storyboard;
			sourceTree = "<group>";
		};
		040CF66C29C4A86C008BC27F /* LaunchScreen.storyboard */ = {
			isa = PBXVariantGroup;
			children = (
				040CF66D29C4A86C008BC27F /* Base */,
			);
			name = LaunchScreen.storyboard;
			sourceTree = "<group>";
		};
		0470619329E741D300114E55 /* Localizable.strings */ = {
			isa = PBXVariantGroup;
			children = (
				0470619229E741D300114E55 /* en */,
				0470619429E741D500114E55 /* ar */,
			);
			name = Localizable.strings;
			sourceTree = "<group>";
		};
/* End PBXVariantGroup section */

/* Begin XCBuildConfiguration section */
		040CF67029C4A86C008BC27F /* Debug */ = {
			isa = XCBuildConfiguration;
			buildSettings = {
				ALWAYS_SEARCH_USER_PATHS = NO;
				CLANG_ANALYZER_LOCALIZABILITY_NONLOCALIZED = YES;
				CLANG_ANALYZER_NONNULL = YES;
				CLANG_ANALYZER_NUMBER_OBJECT_CONVERSION = YES_AGGRESSIVE;
				CLANG_CXX_LANGUAGE_STANDARD = "gnu++20";
				CLANG_ENABLE_MODULES = YES;
				CLANG_ENABLE_OBJC_ARC = YES;
				CLANG_ENABLE_OBJC_WEAK = YES;
				CLANG_WARN_BLOCK_CAPTURE_AUTORELEASING = YES;
				CLANG_WARN_BOOL_CONVERSION = YES;
				CLANG_WARN_COMMA = YES;
				CLANG_WARN_CONSTANT_CONVERSION = YES;
				CLANG_WARN_DEPRECATED_OBJC_IMPLEMENTATIONS = YES;
				CLANG_WARN_DIRECT_OBJC_ISA_USAGE = YES_ERROR;
				CLANG_WARN_DOCUMENTATION_COMMENTS = YES;
				CLANG_WARN_EMPTY_BODY = YES;
				CLANG_WARN_ENUM_CONVERSION = YES;
				CLANG_WARN_INFINITE_RECURSION = YES;
				CLANG_WARN_INT_CONVERSION = YES;
				CLANG_WARN_NON_LITERAL_NULL_CONVERSION = YES;
				CLANG_WARN_OBJC_IMPLICIT_RETAIN_SELF = YES;
				CLANG_WARN_OBJC_LITERAL_CONVERSION = YES;
				CLANG_WARN_OBJC_ROOT_CLASS = YES_ERROR;
				CLANG_WARN_QUOTED_INCLUDE_IN_FRAMEWORK_HEADER = YES;
				CLANG_WARN_RANGE_LOOP_ANALYSIS = YES;
				CLANG_WARN_STRICT_PROTOTYPES = YES;
				CLANG_WARN_SUSPICIOUS_MOVE = YES;
				CLANG_WARN_UNGUARDED_AVAILABILITY = YES_AGGRESSIVE;
				CLANG_WARN_UNREACHABLE_CODE = YES;
				CLANG_WARN__DUPLICATE_METHOD_MATCH = YES;
				COPY_PHASE_STRIP = NO;
				DEBUG_INFORMATION_FORMAT = dwarf;
				ENABLE_STRICT_OBJC_MSGSEND = YES;
				ENABLE_TESTABILITY = YES;
				GCC_C_LANGUAGE_STANDARD = gnu11;
				GCC_DYNAMIC_NO_PIC = NO;
				GCC_NO_COMMON_BLOCKS = YES;
				GCC_OPTIMIZATION_LEVEL = 0;
				GCC_PREPROCESSOR_DEFINITIONS = (
					"DEBUG=1",
					"$(inherited)",
				);
				GCC_WARN_64_TO_32_BIT_CONVERSION = YES;
				GCC_WARN_ABOUT_RETURN_TYPE = YES_ERROR;
				GCC_WARN_UNDECLARED_SELECTOR = YES;
				GCC_WARN_UNINITIALIZED_AUTOS = YES_AGGRESSIVE;
				GCC_WARN_UNUSED_FUNCTION = YES;
				GCC_WARN_UNUSED_VARIABLE = YES;
				IPHONEOS_DEPLOYMENT_TARGET = 16.0;
				MTL_ENABLE_DEBUG_INFO = INCLUDE_SOURCE;
				MTL_FAST_MATH = YES;
				ONLY_ACTIVE_ARCH = YES;
				SDKROOT = iphoneos;
				SWIFT_ACTIVE_COMPILATION_CONDITIONS = DEBUG;
				SWIFT_OPTIMIZATION_LEVEL = "-Onone";
			};
			name = Debug;
		};
		040CF67129C4A86C008BC27F /* Release */ = {
			isa = XCBuildConfiguration;
			buildSettings = {
				ALWAYS_SEARCH_USER_PATHS = NO;
				CLANG_ANALYZER_LOCALIZABILITY_NONLOCALIZED = YES;
				CLANG_ANALYZER_NONNULL = YES;
				CLANG_ANALYZER_NUMBER_OBJECT_CONVERSION = YES_AGGRESSIVE;
				CLANG_CXX_LANGUAGE_STANDARD = "gnu++20";
				CLANG_ENABLE_MODULES = YES;
				CLANG_ENABLE_OBJC_ARC = YES;
				CLANG_ENABLE_OBJC_WEAK = YES;
				CLANG_WARN_BLOCK_CAPTURE_AUTORELEASING = YES;
				CLANG_WARN_BOOL_CONVERSION = YES;
				CLANG_WARN_COMMA = YES;
				CLANG_WARN_CONSTANT_CONVERSION = YES;
				CLANG_WARN_DEPRECATED_OBJC_IMPLEMENTATIONS = YES;
				CLANG_WARN_DIRECT_OBJC_ISA_USAGE = YES_ERROR;
				CLANG_WARN_DOCUMENTATION_COMMENTS = YES;
				CLANG_WARN_EMPTY_BODY = YES;
				CLANG_WARN_ENUM_CONVERSION = YES;
				CLANG_WARN_INFINITE_RECURSION = YES;
				CLANG_WARN_INT_CONVERSION = YES;
				CLANG_WARN_NON_LITERAL_NULL_CONVERSION = YES;
				CLANG_WARN_OBJC_IMPLICIT_RETAIN_SELF = YES;
				CLANG_WARN_OBJC_LITERAL_CONVERSION = YES;
				CLANG_WARN_OBJC_ROOT_CLASS = YES_ERROR;
				CLANG_WARN_QUOTED_INCLUDE_IN_FRAMEWORK_HEADER = YES;
				CLANG_WARN_RANGE_LOOP_ANALYSIS = YES;
				CLANG_WARN_STRICT_PROTOTYPES = YES;
				CLANG_WARN_SUSPICIOUS_MOVE = YES;
				CLANG_WARN_UNGUARDED_AVAILABILITY = YES_AGGRESSIVE;
				CLANG_WARN_UNREACHABLE_CODE = YES;
				CLANG_WARN__DUPLICATE_METHOD_MATCH = YES;
				COPY_PHASE_STRIP = NO;
				DEBUG_INFORMATION_FORMAT = "dwarf-with-dsym";
				ENABLE_NS_ASSERTIONS = NO;
				ENABLE_STRICT_OBJC_MSGSEND = YES;
				GCC_C_LANGUAGE_STANDARD = gnu11;
				GCC_NO_COMMON_BLOCKS = YES;
				GCC_WARN_64_TO_32_BIT_CONVERSION = YES;
				GCC_WARN_ABOUT_RETURN_TYPE = YES_ERROR;
				GCC_WARN_UNDECLARED_SELECTOR = YES;
				GCC_WARN_UNINITIALIZED_AUTOS = YES_AGGRESSIVE;
				GCC_WARN_UNUSED_FUNCTION = YES;
				GCC_WARN_UNUSED_VARIABLE = YES;
				IPHONEOS_DEPLOYMENT_TARGET = 16.0;
				MTL_ENABLE_DEBUG_INFO = NO;
				MTL_FAST_MATH = YES;
				SDKROOT = iphoneos;
				SWIFT_COMPILATION_MODE = wholemodule;
				SWIFT_OPTIMIZATION_LEVEL = "-O";
				VALIDATE_PRODUCT = YES;
			};
			name = Release;
		};
		040CF67329C4A86C008BC27F /* Debug */ = {
			isa = XCBuildConfiguration;
			baseConfigurationReference = 81AEE1D17244C68EC01F1417 /* Pods-Etlas.debug.xcconfig */;
			buildSettings = {
				ASSETCATALOG_COMPILER_APPICON_NAME = AppIcon;
				ASSETCATALOG_COMPILER_GLOBAL_ACCENT_COLOR_NAME = AccentColor;
				CODE_SIGN_STYLE = Automatic;
				CURRENT_PROJECT_VERSION = 1;
				DEVELOPMENT_TEAM = 7N6H592Z8V;
				GENERATE_INFOPLIST_FILE = YES;
				INFOPLIST_FILE = Etlas/Info.plist;
				INFOPLIST_KEY_UIApplicationSupportsIndirectInputEvents = YES;
				INFOPLIST_KEY_UILaunchStoryboardName = LaunchScreen.storyboard;
				INFOPLIST_KEY_UIMainStoryboardFile = Main;
				INFOPLIST_KEY_UISupportedInterfaceOrientations = "UIInterfaceOrientationPortrait UIInterfaceOrientationPortraitUpsideDown";
				INFOPLIST_KEY_UISupportedInterfaceOrientations_iPad = UIInterfaceOrientationPortrait;
				IPHONEOS_DEPLOYMENT_TARGET = 16.0;
				LD_RUNPATH_SEARCH_PATHS = (
					"$(inherited)",
					"@executable_path/Frameworks",
				);
				MARKETING_VERSION = 1.0;
				PRODUCT_BUNDLE_IDENTIFIER = com.hdrnjd.Etlas;
				PRODUCT_NAME = "$(TARGET_NAME)";
				SWIFT_EMIT_LOC_STRINGS = YES;
				SWIFT_VERSION = 5.0;
				TARGETED_DEVICE_FAMILY = "1,2";
			};
			name = Debug;
		};
		040CF67429C4A86C008BC27F /* Release */ = {
			isa = XCBuildConfiguration;
			baseConfigurationReference = B2CDACE6B471B9E5E3DA3FA4 /* Pods-Etlas.release.xcconfig */;
			buildSettings = {
				ASSETCATALOG_COMPILER_APPICON_NAME = AppIcon;
				ASSETCATALOG_COMPILER_GLOBAL_ACCENT_COLOR_NAME = AccentColor;
				CODE_SIGN_STYLE = Automatic;
				CURRENT_PROJECT_VERSION = 1;
				DEVELOPMENT_TEAM = 7N6H592Z8V;
				GENERATE_INFOPLIST_FILE = YES;
				INFOPLIST_FILE = Etlas/Info.plist;
				INFOPLIST_KEY_UIApplicationSupportsIndirectInputEvents = YES;
				INFOPLIST_KEY_UILaunchStoryboardName = LaunchScreen.storyboard;
				INFOPLIST_KEY_UIMainStoryboardFile = Main;
				INFOPLIST_KEY_UISupportedInterfaceOrientations = "UIInterfaceOrientationPortrait UIInterfaceOrientationPortraitUpsideDown";
				INFOPLIST_KEY_UISupportedInterfaceOrientations_iPad = UIInterfaceOrientationPortrait;
				IPHONEOS_DEPLOYMENT_TARGET = 16.0;
				LD_RUNPATH_SEARCH_PATHS = (
					"$(inherited)",
					"@executable_path/Frameworks",
				);
				MARKETING_VERSION = 1.0;
				PRODUCT_BUNDLE_IDENTIFIER = com.hdrnjd.Etlas;
				PRODUCT_NAME = "$(TARGET_NAME)";
				SWIFT_EMIT_LOC_STRINGS = YES;
				SWIFT_VERSION = 5.0;
				TARGETED_DEVICE_FAMILY = "1,2";
			};
			name = Release;
		};
/* End XCBuildConfiguration section */

/* Begin XCConfigurationList section */
		040CF65629C4A86A008BC27F /* Build configuration list for PBXProject "Etlas" */ = {
			isa = XCConfigurationList;
			buildConfigurations = (
				040CF67029C4A86C008BC27F /* Debug */,
				040CF67129C4A86C008BC27F /* Release */,
			);
			defaultConfigurationIsVisible = 0;
			defaultConfigurationName = Release;
		};
		040CF67229C4A86C008BC27F /* Build configuration list for PBXNativeTarget "Etlas" */ = {
			isa = XCConfigurationList;
			buildConfigurations = (
				040CF67329C4A86C008BC27F /* Debug */,
				040CF67429C4A86C008BC27F /* Release */,
			);
			defaultConfigurationIsVisible = 0;
			defaultConfigurationName = Release;
		};
/* End XCConfigurationList section */

/* Begin XCVersionGroup section */
		040CF66729C4A86A008BC27F /* Etlas.xcdatamodeld */ = {
			isa = XCVersionGroup;
			children = (
				040CF66829C4A86A008BC27F /* Etlas.xcdatamodel */,
			);
			currentVersion = 040CF66829C4A86A008BC27F /* Etlas.xcdatamodel */;
			path = Etlas.xcdatamodeld;
			sourceTree = "<group>";
			versionGroupType = wrapper.xcdatamodel;
		};
/* End XCVersionGroup section */
	};
	rootObject = 040CF65329C4A86A008BC27F /* Project object */;
}
